{
  "nodes": {
    "home-manager": {
      "inputs": {
        "nixpkgs": ["nixpkgs"]
      },
      "locked": {
        "lastModified": 1733045511,
        "narHash": "sha256-n8AldXJRNVMm2UZ6yN0HwVxlARY2Cm/uhdOw76tQ0OI=",
        "owner": "nix-community",
        "repo": "home-manager",
        "rev": "4964f3c6fc17ae4578e762d3dc86b10fe890860e",
        "type": "github"
      },
      "original": {
        "owner": "nix-community",
        "repo": "home-manager",
        "type": "github"
      }
    },
    "nixos-hardware": {
      "locked": {
        "lastModified": 1732483221,
        "narHash": "sha256-kF6rDeCshoCgmQz+7uiuPdREVFuzhIorGOoPXMalL2U=",
        "owner": "NixOS",
        "repo": "nixos-hardware",
        "rev": "45348ad6fb8ac0e8415f6e5e96efe47dd7f39405",
        "type": "github"
      },
      "original": {
        "owner": "NixOS",
        "repo": "nixos-hardware",
        "type": "github"
      }
    },
    "nixpkgs": {
      "locked": {
        "lastModified": 1732837521,
        "narHash": "sha256-jNRNr49UiuIwaarqijgdTR2qLPifxsVhlJrKzQ8XUIE=",
        "owner": "NixOS",
        "repo": "nixpkgs",
        "rev": "970e93b9f82e2a0f3675757eb0bfc73297cc6370",
        "type": "github"
      },
      "original": {
        "owner": "NixOS",
        "ref": "nixos-unstable",
        "repo": "nixpkgs",
        "type": "github"
      }
    },
    "nixpkgs_2": {
      "locked": {
        "lastModified": 1731763621,
        "narHash": "sha256-ddcX4lQL0X05AYkrkV2LMFgGdRvgap7Ho8kgon3iWZk=",
        "owner": "NixOS",
        "repo": "nixpkgs",
        "rev": "c69a9bffbecde46b4b939465422ddc59493d3e4d",
        "type": "github"
      },
      "original": {
        "owner": "NixOS",
        "ref": "nixpkgs-unstable",
        "repo": "nixpkgs",
        "type": "github"
      }
    },
    "root": {
      "inputs": {
        "home-manager": "home-manager",
        "nixos-hardware": "nixos-hardware",
        "nixpkgs": "nixpkgs",
        "nixpkgs-stable": "nixpkgs-stable",
        "sops-nix": "sops-nix"
      }
    },
    "sops-nix": {
      "inputs": {
        "nixpkgs": "nixpkgs_2"
      },
      "locked": {
        "lastModified": 1732575825,
        "narHash": "sha256-xtt95+c7OUMoqZf4OvA/7AemiH3aVuWHQbErYQoPwFk=",
        "owner": "Mic92",
        "repo": "sops-nix",
        "rev": "3433ea14fbd9e6671d0ff0dd45ed15ee4c156ffa",
        "type": "github"
      },
      "original": {
        "owner": "Mic92",
        "repo": "sops-nix",
        "type": "github"
      }
    }
  },
  "root": "root",
  "version": 7
}
